
Microsoft Visual Studio Solution File, Format Version 12.00
# Visual Studio Version 17
VisualStudioVersion = 17.7.34202.233
MinimumVisualStudioVersion = 10.0.40219.1
Project("{FAE04EC0-301F-11D3-BF4B-00C04F79EFBC}") = "LinearSystemSolver", "LinearSystemSolver\LinearSystemSolver.csproj", "{385EAEF0-1F90-4DF3-A56E-8F94A732F250}"
EndProject
Global
	GlobalSection(SolutionConfigurationPlatforms) = preSolution
		Debug|Any CPU = Debug|Any CPU
		Release|Any CPU = Release|Any CPU
	EndGlobalSection
	GlobalSection(ProjectConfigurationPlatforms) = postSolution
		{385EAEF0-1F90-4DF3-A56E-8F94A732F250}.Debug|Any CPU.ActiveCfg = Debug|Any CPU
		{385EAEF0-1F90-4DF3-A56E-8F94A732F250}.Debug|Any CPU.Build.0 = Debug|Any CPU
		{385EAEF0-1F90-4DF3-A56E-8F94A732F250}.Release|Any CPU.ActiveCfg = Release|Any CPU
		{385EAEF0-1F90-4DF3-A56E-8F94A732F250}.Release|Any CPU.Build.0 = Release|Any CPU
	EndGlobalSection
	GlobalSection(SolutionProperties) = preSolution
		HideSolutionNode = FALSE
	EndGlobalSection
	GlobalSection(ExtensibilityGlobals) = postSolution
		SolutionGuid = {9B5FC17F-E6B9-4FC2-82D8-6CD4B1E5A83D}
	EndGlobalSection
EndGlobal
